// !$*UTF8*$!
{
	archiveVersion = 1;
	classes = {
	};
	objectVersion = 50;
	objects = {

/* Begin PBXBuildFile section */
		568FACA7254B26BA00DB0F08 /* AppDelegate.swift in Sources */ = {isa = PBXBuildFile; fileRef = 568FACA6254B26BA00DB0F08 /* AppDelegate.swift */; };
		568FACA9254B26BA00DB0F08 /* SceneDelegate.swift in Sources */ = {isa = PBXBuildFile; fileRef = 568FACA8254B26BA00DB0F08 /* SceneDelegate.swift */; };
		568FACAE254B26BA00DB0F08 /* Main.storyboard in Resources */ = {isa = PBXBuildFile; fileRef = 568FACAC254B26BA00DB0F08 /* Main.storyboard */; };
		568FACB1254B26BA00DB0F08 /* Journal.xcdatamodeld in Sources */ = {isa = PBXBuildFile; fileRef = 568FACAF254B26BA00DB0F08 /* Journal.xcdatamodeld */; };
		568FACB3254B26BD00DB0F08 /* Assets.xcassets in Resources */ = {isa = PBXBuildFile; fileRef = 568FACB2254B26BD00DB0F08 /* Assets.xcassets */; };
		568FACB6254B26BD00DB0F08 /* LaunchScreen.storyboard in Resources */ = {isa = PBXBuildFile; fileRef = 568FACB4254B26BD00DB0F08 /* LaunchScreen.storyboard */; };
		568FACC3254B29C000DB0F08 /* EntriesTableViewController.swift in Sources */ = {isa = PBXBuildFile; fileRef = 568FACC2254B29C000DB0F08 /* EntriesTableViewController.swift */; };
		568FACCC254B2A8000DB0F08 /* EntryViewController.swift in Sources */ = {isa = PBXBuildFile; fileRef = 568FACCB254B2A8000DB0F08 /* EntryViewController.swift */; };
		568FACD2254B3F6600DB0F08 /* Entry+CoreDataClass.swift in Sources */ = {isa = PBXBuildFile; fileRef = 568FACD0254B3F6600DB0F08 /* Entry+CoreDataClass.swift */; };
		568FACD3254B3F6600DB0F08 /* Entry+CoreDataProperties.swift in Sources */ = {isa = PBXBuildFile; fileRef = 568FACD1254B3F6600DB0F08 /* Entry+CoreDataProperties.swift */; };
		56EA2427254B4F4A00125392 /* EntryTableViewCell.swift in Sources */ = {isa = PBXBuildFile; fileRef = 56EA2426254B4F4A00125392 /* EntryTableViewCell.swift */; };
/* End PBXBuildFile section */

/* Begin PBXFileReference section */
		568FACA3254B26BA00DB0F08 /* Journal.app */ = {isa = PBXFileReference; explicitFileType = wrapper.application; includeInIndex = 0; path = Journal.app; sourceTree = BUILT_PRODUCTS_DIR; };
		568FACA6254B26BA00DB0F08 /* AppDelegate.swift */ = {isa = PBXFileReference; lastKnownFileType = sourcecode.swift; path = AppDelegate.swift; sourceTree = "<group>"; };
		568FACA8254B26BA00DB0F08 /* SceneDelegate.swift */ = {isa = PBXFileReference; lastKnownFileType = sourcecode.swift; path = SceneDelegate.swift; sourceTree = "<group>"; };
		568FACAD254B26BA00DB0F08 /* Base */ = {isa = PBXFileReference; lastKnownFileType = file.storyboard; name = Base; path = Base.lproj/Main.storyboard; sourceTree = "<group>"; };
		568FACB0254B26BA00DB0F08 /* Journal.xcdatamodel */ = {isa = PBXFileReference; lastKnownFileType = wrapper.xcdatamodel; path = Journal.xcdatamodel; sourceTree = "<group>"; };
		568FACB2254B26BD00DB0F08 /* Assets.xcassets */ = {isa = PBXFileReference; lastKnownFileType = folder.assetcatalog; path = Assets.xcassets; sourceTree = "<group>"; };
		568FACB5254B26BD00DB0F08 /* Base */ = {isa = PBXFileReference; lastKnownFileType = file.storyboard; name = Base; path = Base.lproj/LaunchScreen.storyboard; sourceTree = "<group>"; };
		568FACB7254B26BD00DB0F08 /* Info.plist */ = {isa = PBXFileReference; lastKnownFileType = text.plist.xml; path = Info.plist; sourceTree = "<group>"; };
		568FACC2254B29C000DB0F08 /* EntriesTableViewController.swift */ = {isa = PBXFileReference; lastKnownFileType = sourcecode.swift; path = EntriesTableViewController.swift; sourceTree = "<group>"; };
		568FACCB254B2A8000DB0F08 /* EntryViewController.swift */ = {isa = PBXFileReference; lastKnownFileType = sourcecode.swift; path = EntryViewController.swift; sourceTree = "<group>"; };
		568FACD0254B3F6600DB0F08 /* Entry+CoreDataClass.swift */ = {isa = PBXFileReference; lastKnownFileType = sourcecode.swift; path = "Entry+CoreDataClass.swift"; sourceTree = "<group>"; };
		568FACD1254B3F6600DB0F08 /* Entry+CoreDataProperties.swift */ = {isa = PBXFileReference; lastKnownFileType = sourcecode.swift; path = "Entry+CoreDataProperties.swift"; sourceTree = "<group>"; };
		56EA2426254B4F4A00125392 /* EntryTableViewCell.swift */ = {isa = PBXFileReference; lastKnownFileType = sourcecode.swift; path = EntryTableViewCell.swift; sourceTree = "<group>"; };
/* End PBXFileReference section */

/* Begin PBXFrameworksBuildPhase section */
		568FACA0254B26BA00DB0F08 /* Frameworks */ = {
			isa = PBXFrameworksBuildPhase;
			buildActionMask = 2147483647;
			files = (
			);
			runOnlyForDeploymentPostprocessing = 0;
		};
/* End PBXFrameworksBuildPhase section */

/* Begin PBXGroup section */
		568FAC9A254B26BA00DB0F08 = {
			isa = PBXGroup;
			children = (
				568FACA5254B26BA00DB0F08 /* Journal */,
				568FACA4254B26BA00DB0F08 /* Products */,
			);
			sourceTree = "<group>";
		};
		568FACA4254B26BA00DB0F08 /* Products */ = {
			isa = PBXGroup;
			children = (
				568FACA3254B26BA00DB0F08 /* Journal.app */,
			);
			name = Products;
			sourceTree = "<group>";
		};
		568FACA5254B26BA00DB0F08 /* Journal */ = {
			isa = PBXGroup;
			children = (
				568FACA6254B26BA00DB0F08 /* AppDelegate.swift */,
				568FACA8254B26BA00DB0F08 /* SceneDelegate.swift */,
				568FACC2254B29C000DB0F08 /* EntriesTableViewController.swift */,
				56EA2426254B4F4A00125392 /* EntryTableViewCell.swift */,
				568FACCB254B2A8000DB0F08 /* EntryViewController.swift */,
				568FACD0254B3F6600DB0F08 /* Entry+CoreDataClass.swift */,
				568FACD1254B3F6600DB0F08 /* Entry+CoreDataProperties.swift */,
				568FACAC254B26BA00DB0F08 /* Main.storyboard */,
				568FACB2254B26BD00DB0F08 /* Assets.xcassets */,
				568FACB4254B26BD00DB0F08 /* LaunchScreen.storyboard */,
				568FACB7254B26BD00DB0F08 /* Info.plist */,
				568FACAF254B26BA00DB0F08 /* Journal.xcdatamodeld */,
			);
			path = Journal;
			sourceTree = "<group>";
		};
/* End PBXGroup section */

/* Begin PBXNativeTarget section */
		568FACA2254B26BA00DB0F08 /* Journal */ = {
			isa = PBXNativeTarget;
			buildConfigurationList = 568FACBA254B26BD00DB0F08 /* Build configuration list for PBXNativeTarget "Journal" */;
			buildPhases = (
				568FAC9F254B26BA00DB0F08 /* Sources */,
				568FACA0254B26BA00DB0F08 /* Frameworks */,
				568FACA1254B26BA00DB0F08 /* Resources */,
			);
			buildRules = (
			);
			dependencies = (
			);
			name = Journal;
			productName = Journal;
			productReference = 568FACA3254B26BA00DB0F08 /* Journal.app */;
			productType = "com.apple.product-type.application";
		};
/* End PBXNativeTarget section */

/* Begin PBXProject section */
		568FAC9B254B26BA00DB0F08 /* Project object */ = {
			isa = PBXProject;
			attributes = {
				LastSwiftUpdateCheck = 1210;
				LastUpgradeCheck = 1210;
				TargetAttributes = {
					568FACA2254B26BA00DB0F08 = {
						CreatedOnToolsVersion = 12.1;
					};
				};
			};
			buildConfigurationList = 568FAC9E254B26BA00DB0F08 /* Build configuration list for PBXProject "Journal" */;
			compatibilityVersion = "Xcode 9.3";
			developmentRegion = en;
			hasScannedForEncodings = 0;
			knownRegions = (
				en,
				Base,
			);
			mainGroup = 568FAC9A254B26BA00DB0F08;
			productRefGroup = 568FACA4254B26BA00DB0F08 /* Products */;
			projectDirPath = "";
			projectRoot = "";
			targets = (
				568FACA2254B26BA00DB0F08 /* Journal */,
			);
		};
/* End PBXProject section */

/* Begin PBXResourcesBuildPhase section */
		568FACA1254B26BA00DB0F08 /* Resources */ = {
			isa = PBXResourcesBuildPhase;
			buildActionMask = 2147483647;
			files = (
				568FACB6254B26BD00DB0F08 /* LaunchScreen.storyboard in Resources */,
				568FACB3254B26BD00DB0F08 /* Assets.xcassets in Resources */,
				568FACAE254B26BA00DB0F08 /* Main.storyboard in Resources */,
			);
			runOnlyForDeploymentPostprocessing = 0;
		};
/* End PBXResourcesBuildPhase section */

/* Begin PBXSourcesBuildPhase section */
		568FAC9F254B26BA00DB0F08 /* Sources */ = {
			isa = PBXSourcesBuildPhase;
			buildActionMask = 2147483647;
			files = (
				56EA2427254B4F4A00125392 /* EntryTableViewCell.swift in Sources */,
				568FACA7254B26BA00DB0F08 /* AppDelegate.swift in Sources */,
				568FACD3254B3F6600DB0F08 /* Entry+CoreDataProperties.swift in Sources */,
				568FACA9254B26BA00DB0F08 /* SceneDelegate.swift in Sources */,
				568FACB1254B26BA00DB0F08 /* Journal.xcdatamodeld in Sources */,
				568FACC3254B29C000DB0F08 /* EntriesTableViewController.swift in Sources */,
				568FACD2254B3F6600DB0F08 /* Entry+CoreDataClass.swift in Sources */,
				568FACCC254B2A8000DB0F08 /* EntryViewController.swift in Sources */,
			);
			runOnlyForDeploymentPostprocessing = 0;
		};
/* End PBXSourcesBuildPhase section */

/* Begin PBXVariantGroup section */
		568FACAC254B26BA00DB0F08 /* Main.storyboard */ = {
			isa = PBXVariantGroup;
			children = (
				568FACAD254B26BA00DB0F08 /* Base */,
			);
			name = Main.storyboard;
			sourceTree = "<group>";
		};
		568FACB4254B26BD00DB0F08 /* LaunchScreen.storyboard */ = {
			isa = PBXVariantGroup;
			children = (
				568FACB5254B26BD00DB0F08 /* Base */,
			);
			name = LaunchScreen.storyboard;
			sourceTree = "<group>";
		};
/* End PBXVariantGroup section */

/* Begin XCBuildConfiguration section */
		568FACB8254B26BD00DB0F08 /* Debug */ = {
			isa = XCBuildConfiguration;
			buildSettings = {
				ALWAYS_SEARCH_USER_PATHS = NO;
				CLANG_ANALYZER_NONNULL = YES;
				CLANG_ANALYZER_NUMBER_OBJECT_CONVERSION = YES_AGGRESSIVE;
				CLANG_CXX_LANGUAGE_STANDARD = "gnu++14";
				CLANG_CXX_LIBRARY = "libc++";
				CLANG_ENABLE_MODULES = YES;
				CLANG_ENABLE_OBJC_ARC = YES;
				CLANG_ENABLE_OBJC_WEAK = YES;
				CLANG_WARN_BLOCK_CAPTURE_AUTORELEASING = YES;
				CLANG_WARN_BOOL_CONVERSION = YES;
				CLANG_WARN_COMMA = YES;
				CLANG_WARN_CONSTANT_CONVERSION = YES;
				CLANG_WARN_DEPRECATED_OBJC_IMPLEMENTATIONS = YES;
				CLANG_WARN_DIRECT_OBJC_ISA_USAGE = YES_ERROR;
				CLANG_WARN_DOCUMENTATION_COMMENTS = YES;
				CLANG_WARN_EMPTY_BODY = YES;
				CLANG_WARN_ENUM_CONVERSION = YES;
				CLANG_WARN_INFINITE_RECURSION = YES;
				CLANG_WARN_INT_CONVERSION = YES;
				CLANG_WARN_NON_LITERAL_NULL_CONVERSION = YES;
				CLANG_WARN_OBJC_IMPLICIT_RETAIN_SELF = YES;
				CLANG_WARN_OBJC_LITERAL_CONVERSION = YES;
				CLANG_WARN_OBJC_ROOT_CLASS = YES_ERROR;
				CLANG_WARN_QUOTED_INCLUDE_IN_FRAMEWORK_HEADER = YES;
				CLANG_WARN_RANGE_LOOP_ANALYSIS = YES;
				CLANG_WARN_STRICT_PROTOTYPES = YES;
				CLANG_WARN_SUSPICIOUS_MOVE = YES;
				CLANG_WARN_UNGUARDED_AVAILABILITY = YES_AGGRESSIVE;
				CLANG_WARN_UNREACHABLE_CODE = YES;
				CLANG_WARN__DUPLICATE_METHOD_MATCH = YES;
				COPY_PHASE_STRIP = NO;
				DEBUG_INFORMATION_FORMAT = dwarf;
				ENABLE_STRICT_OBJC_MSGSEND = YES;
				ENABLE_TESTABILITY = YES;
				GCC_C_LANGUAGE_STANDARD = gnu11;
				GCC_DYNAMIC_NO_PIC = NO;
				GCC_NO_COMMON_BLOCKS = YES;
				GCC_OPTIMIZATION_LEVEL = 0;
				GCC_PREPROCESSOR_DEFINITIONS = (
					"DEBUG=1",
					"$(inherited)",
				);
				GCC_WARN_64_TO_32_BIT_CONVERSION = YES;
				GCC_WARN_ABOUT_RETURN_TYPE = YES_ERROR;
				GCC_WARN_UNDECLARED_SELECTOR = YES;
				GCC_WARN_UNINITIALIZED_AUTOS = YES_AGGRESSIVE;
				GCC_WARN_UNUSED_FUNCTION = YES;
				GCC_WARN_UNUSED_VARIABLE = YES;
				IPHONEOS_DEPLOYMENT_TARGET = 14.1;
				MTL_ENABLE_DEBUG_INFO = INCLUDE_SOURCE;
				MTL_FAST_MATH = YES;
				ONLY_ACTIVE_ARCH = YES;
				SDKROOT = iphoneos;
				SWIFT_ACTIVE_COMPILATION_CONDITIONS = DEBUG;
				SWIFT_OPTIMIZATION_LEVEL = "-Onone";
			};
			name = Debug;
		};
		568FACB9254B26BD00DB0F08 /* Release */ = {
			isa = XCBuildConfiguration;
			buildSettings = {
				ALWAYS_SEARCH_USER_PATHS = NO;
				CLANG_ANALYZER_NONNULL = YES;
				CLANG_ANALYZER_NUMBER_OBJECT_CONVERSION = YES_AGGRESSIVE;
				CLANG_CXX_LANGUAGE_STANDARD = "gnu++14";
				CLANG_CXX_LIBRARY = "libc++";
				CLANG_ENABLE_MODULES = YES;
				CLANG_ENABLE_OBJC_ARC = YES;
				CLANG_ENABLE_OBJC_WEAK = YES;
				CLANG_WARN_BLOCK_CAPTURE_AUTORELEASING = YES;
				CLANG_WARN_BOOL_CONVERSION = YES;
				CLANG_WARN_COMMA = YES;
				CLANG_WARN_CONSTANT_CONVERSION = YES;
				CLANG_WARN_DEPRECATED_OBJC_IMPLEMENTATIONS = YES;
				CLANG_WARN_DIRECT_OBJC_ISA_USAGE = YES_ERROR;
				CLANG_WARN_DOCUMENTATION_COMMENTS = YES;
				CLANG_WARN_EMPTY_BODY = YES;
				CLANG_WARN_ENUM_CONVERSION = YES;
				CLANG_WARN_INFINITE_RECURSION = YES;
				CLANG_WARN_INT_CONVERSION = YES;
				CLANG_WARN_NON_LITERAL_NULL_CONVERSION = YES;
				CLANG_WARN_OBJC_IMPLICIT_RETAIN_SELF = YES;
				CLANG_WARN_OBJC_LITERAL_CONVERSION = YES;
				CLANG_WARN_OBJC_ROOT_CLASS = YES_ERROR;
				CLANG_WARN_QUOTED_INCLUDE_IN_FRAMEWORK_HEADER = YES;
				CLANG_WARN_RANGE_LOOP_ANALYSIS = YES;
				CLANG_WARN_STRICT_PROTOTYPES = YES;
				CLANG_WARN_SUSPICIOUS_MOVE = YES;
				CLANG_WARN_UNGUARDED_AVAILABILITY = YES_AGGRESSIVE;
				CLANG_WARN_UNREACHABLE_CODE = YES;
				CLANG_WARN__DUPLICATE_METHOD_MATCH = YES;
				COPY_PHASE_STRIP = NO;
				DEBUG_INFORMATION_FORMAT = "dwarf-with-dsym";
				ENABLE_NS_ASSERTIONS = NO;
				ENABLE_STRICT_OBJC_MSGSEND = YES;
				GCC_C_LANGUAGE_STANDARD = gnu11;
				GCC_NO_COMMON_BLOCKS = YES;
				GCC_WARN_64_TO_32_BIT_CONVERSION = YES;
				GCC_WARN_ABOUT_RETURN_TYPE = YES_ERROR;
				GCC_WARN_UNDECLARED_SELECTOR = YES;
				GCC_WARN_UNINITIALIZED_AUTOS = YES_AGGRESSIVE;
				GCC_WARN_UNUSED_FUNCTION = YES;
				GCC_WARN_UNUSED_VARIABLE = YES;
				IPHONEOS_DEPLOYMENT_TARGET = 14.1;
				MTL_ENABLE_DEBUG_INFO = NO;
				MTL_FAST_MATH = YES;
				SDKROOT = iphoneos;
				SWIFT_COMPILATION_MODE = wholemodule;
				SWIFT_OPTIMIZATION_LEVEL = "-O";
				VALIDATE_PRODUCT = YES;
			};
			name = Release;
		};
		568FACBB254B26BD00DB0F08 /* Debug */ = {
			isa = XCBuildConfiguration;
			buildSettings = {
				ASSETCATALOG_COMPILER_APPICON_NAME = AppIcon;
				ASSETCATALOG_COMPILER_GLOBAL_ACCENT_COLOR_NAME = AccentColor;
				CODE_SIGN_STYLE = Automatic;
				INFOPLIST_FILE = Journal/Info.plist;
				LD_RUNPATH_SEARCH_PATHS = (
					"$(inherited)",
					"@executable_path/Frameworks",
				);
				PRODUCT_BUNDLE_IDENTIFIER = com.vengadalagarsamy.Journal;
				PRODUCT_NAME = "$(TARGET_NAME)";
				SWIFT_VERSION = 5.0;
				TARGETED_DEVICE_FAMILY = "1,2";
			};
			name = Debug;
		};
		568FACBC254B26BD00DB0F08 /* Release */ = {
			isa = XCBuildConfiguration;
			buildSettings = {
				ASSETCATALOG_COMPILER_APPICON_NAME = AppIcon;
				ASSETCATALOG_COMPILER_GLOBAL_ACCENT_COLOR_NAME = AccentColor;
				CODE_SIGN_STYLE = Automatic;
				INFOPLIST_FILE = Journal/Info.plist;
				LD_RUNPATH_SEARCH_PATHS = (
					"$(inherited)",
					"@executable_path/Frameworks",
				);
				PRODUCT_BUNDLE_IDENTIFIER = com.vengadalagarsamy.Journal;
				PRODUCT_NAME = "$(TARGET_NAME)";
				SWIFT_VERSION = 5.0;
				TARGETED_DEVICE_FAMILY = "1,2";
			};
			name = Release;
		};
/* End XCBuildConfiguration section */

/* Begin XCConfigurationList section */
		568FAC9E254B26BA00DB0F08 /* Build configuration list for PBXProject "Journal" */ = {
			isa = XCConfigurationList;
			buildConfigurations = (
				568FACB8254B26BD00DB0F08 /* Debug */,
				568FACB9254B26BD00DB0F08 /* Release */,
			);
			defaultConfigurationIsVisible = 0;
			defaultConfigurationName = Release;
		};
		568FACBA254B26BD00DB0F08 /* Build configuration list for PBXNativeTarget "Journal" */ = {
			isa = XCConfigurationList;
			buildConfigurations = (
				568FACBB254B26BD00DB0F08 /* Debug */,
				568FACBC254B26BD00DB0F08 /* Release */,
			);
			defaultConfigurationIsVisible = 0;
			defaultConfigurationName = Release;
		};
/* End XCConfigurationList section */

/* Begin XCVersionGroup section */
		568FACAF254B26BA00DB0F08 /* Journal.xcdatamodeld */ = {
			isa = XCVersionGroup;
			children = (
				568FACB0254B26BA00DB0F08 /* Journal.xcdatamodel */,
			);
			currentVersion = 568FACB0254B26BA00DB0F08 /* Journal.xcdatamodel */;
			path = Journal.xcdatamodeld;
			sourceTree = "<group>";
			versionGroupType = wrapper.xcdatamodel;
		};
/* End XCVersionGroup section */
	};
	rootObject = 568FAC9B254B26BA00DB0F08 /* Project object */;
}
